
Microsoft Visual Studio Solution File, Format Version 12.00
# Visual Studio Version 17
VisualStudioVersion = 17.7.34024.191
MinimumVisualStudioVersion = 10.0.40219.1
Project("{FAE04EC0-301F-11D3-BF4B-00C04F79EFBC}") = "Zhaoxi.RedisSample.Blog", "Zhaoxi.RedisSample.Blog\Zhaoxi.RedisSample.Blog.csproj", "{CBB1C0BD-1FCB-4C95-BB58-B8CA2E98BA52}"
EndProject
Global
	GlobalSection(SolutionConfigurationPlatforms) = preSolution
		Debug|Any CPU = Debug|Any CPU
		Release|Any CPU = Release|Any CPU
	EndGlobalSection
	GlobalSection(ProjectConfigurationPlatforms) = postSolution
		{CBB1C0BD-1FCB-4C95-BB58-B8CA2E98BA52}.Debug|Any CPU.ActiveCfg = Debug|Any CPU
		{CBB1C0BD-1FCB-4C95-BB58-B8CA2E98BA52}.Debug|Any CPU.Build.0 = Debug|Any CPU
		{CBB1C0BD-1FCB-4C95-BB58-B8CA2E98BA52}.Release|Any CPU.ActiveCfg = Release|Any CPU
		{CBB1C0BD-1FCB-4C95-BB58-B8CA2E98BA52}.Release|Any CPU.Build.0 = Release|Any CPU
	EndGlobalSection
	GlobalSection(SolutionProperties) = preSolution
		HideSolutionNode = FALSE
	EndGlobalSection
	GlobalSection(ExtensibilityGlobals) = postSolution
		SolutionGuid = {556299EA-9B2B-4B17-B787-77011CEBB46B}
	EndGlobalSection
EndGlobal
